
Microsoft Visual Studio Solution File, Format Version 12.00
# Visual Studio Version 17
VisualStudioVersion = 17.7.34009.444
MinimumVisualStudioVersion = 10.0.40219.1
Project("{FAE04EC0-301F-11D3-BF4B-00C04F79EFBC}") = "Inlämning 3", "Inlämning 3.csproj", "{E13828D9-6D51-418B-AD8A-F3E75D28EDCF}"
EndProject
Global
	GlobalSection(SolutionConfigurationPlatforms) = preSolution
		Debug|Any CPU = Debug|Any CPU
		Release|Any CPU = Release|Any CPU
	EndGlobalSection
	GlobalSection(ProjectConfigurationPlatforms) = postSolution
		{E13828D9-6D51-418B-AD8A-F3E75D28EDCF}.Debug|Any CPU.ActiveCfg = Debug|Any CPU
		{E13828D9-6D51-418B-AD8A-F3E75D28EDCF}.Debug|Any CPU.Build.0 = Debug|Any CPU
		{E13828D9-6D51-418B-AD8A-F3E75D28EDCF}.Release|Any CPU.ActiveCfg = Release|Any CPU
		{E13828D9-6D51-418B-AD8A-F3E75D28EDCF}.Release|Any CPU.Build.0 = Release|Any CPU
	EndGlobalSection
	GlobalSection(SolutionProperties) = preSolution
		HideSolutionNode = FALSE
	EndGlobalSection
	GlobalSection(ExtensibilityGlobals) = postSolution
		SolutionGuid = {FFDCFF8A-249C-48AA-9303-5C8044334E64}
	EndGlobalSection
EndGlobal
